Microsoft Visual Studio Solution File, Format Version 12.00
# Visual Studio Version 17
VisualStudioVersion = 17.5.2.0
MinimumVisualStudioVersion = 10.0.40219.1
Project("{FAE04EC0-301F-11D3-BF4B-00C04F79EFBC}") = "TeeTime", "TeeTime\TeeTime.csproj", "{BB736407-2016-C263-10A1-4915B66C7713}"
EndProject
Global
	GlobalSection(SolutionConfigurationPlatforms) = preSolution
		Debug|Any CPU = Debug|Any CPU
		Release|Any CPU = Release|Any CPU
	EndGlobalSection
	GlobalSection(ProjectConfigurationPlatforms) = postSolution
		{BB736407-2016-C263-10A1-4915B66C7713}.Debug|Any CPU.ActiveCfg = Debug|Any CPU
		{BB736407-2016-C263-10A1-4915B66C7713}.Debug|Any CPU.Build.0 = Debug|Any CPU
		{BB736407-2016-C263-10A1-4915B66C7713}.Release|Any CPU.ActiveCfg = Release|Any CPU
		{BB736407-2016-C263-10A1-4915B66C7713}.Release|Any CPU.Build.0 = Release|Any CPU
	EndGlobalSection
	GlobalSection(SolutionProperties) = preSolution
		HideSolutionNode = FALSE
	EndGlobalSection
	GlobalSection(ExtensibilityGlobals) = postSolution
		SolutionGuid = {3FD93C6C-2079-42EA-B722-C24E368729B9}
	EndGlobalSection
EndGlobal
